// !$*UTF8*$!
{
	archiveVersion = 1;
	classes = {
	};
	objectVersion = 50;
	objects = {

/* Begin PBXBuildFile section */
		880A46C7271F18A700A12E43 /* todayView.swift in Sources */ = {isa = PBXBuildFile; fileRef = 880A46C6271F18A600A12E43 /* todayView.swift */; };
		880A46CA271F1AB700A12E43 /* HeaderView.swift in Sources */ = {isa = PBXBuildFile; fileRef = 880A46C9271F1AB700A12E43 /* HeaderView.swift */; };
		8840208C271EA3510055B566 /* Level_GameApp.swift in Sources */ = {isa = PBXBuildFile; fileRef = 8840208B271EA3510055B566 /* Level_GameApp.swift */; };
		8840208E271EA3510055B566 /* ContentView.swift in Sources */ = {isa = PBXBuildFile; fileRef = 8840208D271EA3510055B566 /* ContentView.swift */; };
		88402090271EA3590055B566 /* Assets.xcassets in Resources */ = {isa = PBXBuildFile; fileRef = 8840208F271EA3590055B566 /* Assets.xcassets */; };
		88402093271EA3590055B566 /* Preview Assets.xcassets in Resources */ = {isa = PBXBuildFile; fileRef = 88402092271EA3590055B566 /* Preview Assets.xcassets */; };
/* End PBXBuildFile section */

/* Begin PBXFileReference section */
		880A46C6271F18A600A12E43 /* todayView.swift */ = {isa = PBXFileReference; lastKnownFileType = sourcecode.swift; path = todayView.swift; sourceTree = "<group>"; };
		880A46C9271F1AB700A12E43 /* HeaderView.swift */ = {isa = PBXFileReference; lastKnownFileType = sourcecode.swift; path = HeaderView.swift; sourceTree = "<group>"; };
		88402088271EA3510055B566 /* Level-Game.app */ = {isa = PBXFileReference; explicitFileType = wrapper.application; includeInIndex = 0; path = "Level-Game.app"; sourceTree = BUILT_PRODUCTS_DIR; };
		8840208B271EA3510055B566 /* Level_GameApp.swift */ = {isa = PBXFileReference; lastKnownFileType = sourcecode.swift; path = Level_GameApp.swift; sourceTree = "<group>"; };
		8840208D271EA3510055B566 /* ContentView.swift */ = {isa = PBXFileReference; lastKnownFileType = sourcecode.swift; path = ContentView.swift; sourceTree = "<group>"; };
		8840208F271EA3590055B566 /* Assets.xcassets */ = {isa = PBXFileReference; lastKnownFileType = folder.assetcatalog; path = Assets.xcassets; sourceTree = "<group>"; };
		88402092271EA3590055B566 /* Preview Assets.xcassets */ = {isa = PBXFileReference; lastKnownFileType = folder.assetcatalog; path = "Preview Assets.xcassets"; sourceTree = "<group>"; };
		88402094271EA3590055B566 /* Info.plist */ = {isa = PBXFileReference; lastKnownFileType = text.plist.xml; path = Info.plist; sourceTree = "<group>"; };
/* End PBXFileReference section */

/* Begin PBXFrameworksBuildPhase section */
		88402085271EA3510055B566 /* Frameworks */ = {
			isa = PBXFrameworksBuildPhase;
			buildActionMask = 2147483647;
			files = (
			);
			runOnlyForDeploymentPostprocessing = 0;
		};
/* End PBXFrameworksBuildPhase section */

/* Begin PBXGroup section */
		880A46C8271F18B500A12E43 /* View */ = {
			isa = PBXGroup;
			children = (
				880A46C6271F18A600A12E43 /* todayView.swift */,
				880A46C9271F1AB700A12E43 /* HeaderView.swift */,
			);
			path = View;
			sourceTree = "<group>";
		};
		8840207F271EA3510055B566 = {
			isa = PBXGroup;
			children = (
				8840208A271EA3510055B566 /* Level-Game */,
				88402089271EA3510055B566 /* Products */,
			);
			sourceTree = "<group>";
		};
		88402089271EA3510055B566 /* Products */ = {
			isa = PBXGroup;
			children = (
				88402088271EA3510055B566 /* Level-Game.app */,
			);
			name = Products;
			sourceTree = "<group>";
		};
		8840208A271EA3510055B566 /* Level-Game */ = {
			isa = PBXGroup;
			children = (
				8840208B271EA3510055B566 /* Level_GameApp.swift */,
				8840208D271EA3510055B566 /* ContentView.swift */,
				8840208F271EA3590055B566 /* Assets.xcassets */,
				88402094271EA3590055B566 /* Info.plist */,
				88402091271EA3590055B566 /* Preview Content */,
				880A46C8271F18B500A12E43 /* View */,
			);
			path = "Level-Game";
			sourceTree = "<group>";
		};
		88402091271EA3590055B566 /* Preview Content */ = {
			isa = PBXGroup;
			children = (
				88402092271EA3590055B566 /* Preview Assets.xcassets */,
			);
			path = "Preview Content";
			sourceTree = "<group>";
		};
/* End PBXGroup section */

/* Begin PBXNativeTarget section */
		88402087271EA3510055B566 /* Level-Game */ = {
			isa = PBXNativeTarget;
			buildConfigurationList = 88402097271EA3590055B566 /* Build configuration list for PBXNativeTarget "Level-Game" */;
			buildPhases = (
				88402084271EA3510055B566 /* Sources */,
				88402085271EA3510055B566 /* Frameworks */,
				88402086271EA3510055B566 /* Resources */,
			);
			buildRules = (
			);
			dependencies = (
			);
			name = "Level-Game";
			productName = "Level-Game";
			productReference = 88402088271EA3510055B566 /* Level-Game.app */;
			productType = "com.apple.product-type.application";
		};
/* End PBXNativeTarget section */

/* Begin PBXProject section */
		88402080271EA3510055B566 /* Project object */ = {
			isa = PBXProject;
			attributes = {
				LastSwiftUpdateCheck = 1250;
				LastUpgradeCheck = 1250;
				TargetAttributes = {
					88402087271EA3510055B566 = {
						CreatedOnToolsVersion = 12.5;
					};
				};
			};
			buildConfigurationList = 88402083271EA3510055B566 /* Build configuration list for PBXProject "Level-Game" */;
			compatibilityVersion = "Xcode 9.3";
			developmentRegion = en;
			hasScannedForEncodings = 0;
			knownRegions = (
				en,
				Base,
			);
			mainGroup = 8840207F271EA3510055B566;
			productRefGroup = 88402089271EA3510055B566 /* Products */;
			projectDirPath = "";
			projectRoot = "";
			targets = (
				88402087271EA3510055B566 /* Level-Game */,
			);
		};
/* End PBXProject section */

/* Begin PBXResourcesBuildPhase section */
		88402086271EA3510055B566 /* Resources */ = {
			isa = PBXResourcesBuildPhase;
			buildActionMask = 2147483647;
			files = (
				88402093271EA3590055B566 /* Preview Assets.xcassets in Resources */,
				88402090271EA3590055B566 /* Assets.xcassets in Resources */,
			);
			runOnlyForDeploymentPostprocessing = 0;
		};
/* End PBXResourcesBuildPhase section */

/* Begin PBXSourcesBuildPhase section */
		88402084271EA3510055B566 /* Sources */ = {
			isa = PBXSourcesBuildPhase;
			buildActionMask = 2147483647;
			files = (
				8840208E271EA3510055B566 /* ContentView.swift in Sources */,
				880A46C7271F18A700A12E43 /* todayView.swift in Sources */,
				8840208C271EA3510055B566 /* Level_GameApp.swift in Sources */,
				880A46CA271F1AB700A12E43 /* HeaderView.swift in Sources */,
			);
			runOnlyForDeploymentPostprocessing = 0;
		};
/* End PBXSourcesBuildPhase section */

/* Begin XCBuildConfiguration section */
		88402095271EA3590055B566 /* Debug */ = {
			isa = XCBuildConfiguration;
			buildSettings = {
				ALWAYS_SEARCH_USER_PATHS = NO;
				CLANG_ANALYZER_NONNULL = YES;
				CLANG_ANALYZER_NUMBER_OBJECT_CONVERSION = YES_AGGRESSIVE;
				CLANG_CXX_LANGUAGE_STANDARD = "gnu++14";
				CLANG_CXX_LIBRARY = "libc++";
				CLANG_ENABLE_MODULES = YES;
				CLANG_ENABLE_OBJC_ARC = YES;
				CLANG_ENABLE_OBJC_WEAK = YES;
				CLANG_WARN_BLOCK_CAPTURE_AUTORELEASING = YES;
				CLANG_WARN_BOOL_CONVERSION = YES;
				CLANG_WARN_COMMA = YES;
				CLANG_WARN_CONSTANT_CONVERSION = YES;
				CLANG_WARN_DEPRECATED_OBJC_IMPLEMENTATIONS = YES;
				CLANG_WARN_DIRECT_OBJC_ISA_USAGE = YES_ERROR;
				CLANG_WARN_DOCUMENTATION_COMMENTS = YES;
				CLANG_WARN_EMPTY_BODY = YES;
				CLANG_WARN_ENUM_CONVERSION = YES;
				CLANG_WARN_INFINITE_RECURSION = YES;
				CLANG_WARN_INT_CONVERSION = YES;
				CLANG_WARN_NON_LITERAL_NULL_CONVERSION = YES;
				CLANG_WARN_OBJC_IMPLICIT_RETAIN_SELF = YES;
				CLANG_WARN_OBJC_LITERAL_CONVERSION = YES;
				CLANG_WARN_OBJC_ROOT_CLASS = YES_ERROR;
				CLANG_WARN_QUOTED_INCLUDE_IN_FRAMEWORK_HEADER = YES;
				CLANG_WARN_RANGE_LOOP_ANALYSIS = YES;
				CLANG_WARN_STRICT_PROTOTYPES = YES;
				CLANG_WARN_SUSPICIOUS_MOVE = YES;
				CLANG_WARN_UNGUARDED_AVAILABILITY = YES_AGGRESSIVE;
				CLANG_WARN_UNREACHABLE_CODE = YES;
				CLANG_WARN__DUPLICATE_METHOD_MATCH = YES;
				COPY_PHASE_STRIP = NO;
				DEBUG_INFORMATION_FORMAT = dwarf;
				ENABLE_STRICT_OBJC_MSGSEND = YES;
				ENABLE_TESTABILITY = YES;
				GCC_C_LANGUAGE_STANDARD = gnu11;
				GCC_DYNAMIC_NO_PIC = NO;
				GCC_NO_COMMON_BLOCKS = YES;
				GCC_OPTIMIZATION_LEVEL = 0;
				GCC_PREPROCESSOR_DEFINITIONS = (
					"DEBUG=1",
					"$(inherited)",
				);
				GCC_WARN_64_TO_32_BIT_CONVERSION = YES;
				GCC_WARN_ABOUT_RETURN_TYPE = YES_ERROR;
				GCC_WARN_UNDECLARED_SELECTOR = YES;
				GCC_WARN_UNINITIALIZED_AUTOS = YES_AGGRESSIVE;
				GCC_WARN_UNUSED_FUNCTION = YES;
				GCC_WARN_UNUSED_VARIABLE = YES;
				IPHONEOS_DEPLOYMENT_TARGET = 14.5;
				MTL_ENABLE_DEBUG_INFO = INCLUDE_SOURCE;
				MTL_FAST_MATH = YES;
				ONLY_ACTIVE_ARCH = YES;
				SDKROOT = iphoneos;
				SWIFT_ACTIVE_COMPILATION_CONDITIONS = DEBUG;
				SWIFT_OPTIMIZATION_LEVEL = "-Onone";
			};
			name = Debug;
		};
		88402096271EA3590055B566 /* Release */ = {
			isa = XCBuildConfiguration;
			buildSettings = {
				ALWAYS_SEARCH_USER_PATHS = NO;
				CLANG_ANALYZER_NONNULL = YES;
				CLANG_ANALYZER_NUMBER_OBJECT_CONVERSION = YES_AGGRESSIVE;
				CLANG_CXX_LANGUAGE_STANDARD = "gnu++14";
				CLANG_CXX_LIBRARY = "libc++";
				CLANG_ENABLE_MODULES = YES;
				CLANG_ENABLE_OBJC_ARC = YES;
				CLANG_ENABLE_OBJC_WEAK = YES;
				CLANG_WARN_BLOCK_CAPTURE_AUTORELEASING = YES;
				CLANG_WARN_BOOL_CONVERSION = YES;
				CLANG_WARN_COMMA = YES;
				CLANG_WARN_CONSTANT_CONVERSION = YES;
				CLANG_WARN_DEPRECATED_OBJC_IMPLEMENTATIONS = YES;
				CLANG_WARN_DIRECT_OBJC_ISA_USAGE = YES_ERROR;
				CLANG_WARN_DOCUMENTATION_COMMENTS = YES;
				CLANG_WARN_EMPTY_BODY = YES;
				CLANG_WARN_ENUM_CONVERSION = YES;
				CLANG_WARN_INFINITE_RECURSION = YES;
				CLANG_WARN_INT_CONVERSION = YES;
				CLANG_WARN_NON_LITERAL_NULL_CONVERSION = YES;
				CLANG_WARN_OBJC_IMPLICIT_RETAIN_SELF = YES;
				CLANG_WARN_OBJC_LITERAL_CONVERSION = YES;
				CLANG_WARN_OBJC_ROOT_CLASS = YES_ERROR;
				CLANG_WARN_QUOTED_INCLUDE_IN_FRAMEWORK_HEADER = YES;
				CLANG_WARN_RANGE_LOOP_ANALYSIS = YES;
				CLANG_WARN_STRICT_PROTOTYPES = YES;
				CLANG_WARN_SUSPICIOUS_MOVE = YES;
				CLANG_WARN_UNGUARDED_AVAILABILITY = YES_AGGRESSIVE;
				CLANG_WARN_UNREACHABLE_CODE = YES;
				CLANG_WARN__DUPLICATE_METHOD_MATCH = YES;
				COPY_PHASE_STRIP = NO;
				DEBUG_INFORMATION_FORMAT = "dwarf-with-dsym";
				ENABLE_NS_ASSERTIONS = NO;
				ENABLE_STRICT_OBJC_MSGSEND = YES;
				GCC_C_LANGUAGE_STANDARD = gnu11;
				GCC_NO_COMMON_BLOCKS = YES;
				GCC_WARN_64_TO_32_BIT_CONVERSION = YES;
				GCC_WARN_ABOUT_RETURN_TYPE = YES_ERROR;
				GCC_WARN_UNDECLARED_SELECTOR = YES;
				GCC_WARN_UNINITIALIZED_AUTOS = YES_AGGRESSIVE;
				GCC_WARN_UNUSED_FUNCTION = YES;
				GCC_WARN_UNUSED_VARIABLE = YES;
				IPHONEOS_DEPLOYMENT_TARGET = 14.5;
				MTL_ENABLE_DEBUG_INFO = NO;
				MTL_FAST_MATH = YES;
				SDKROOT = iphoneos;
				SWIFT_COMPILATION_MODE = wholemodule;
				SWIFT_OPTIMIZATION_LEVEL = "-O";
				VALIDATE_PRODUCT = YES;
			};
			name = Release;
		};
		88402098271EA3590055B566 /* Debug */ = {
			isa = XCBuildConfiguration;
			buildSettings = {
				ASSETCATALOG_COMPILER_APPICON_NAME = AppIcon;
				ASSETCATALOG_COMPILER_GLOBAL_ACCENT_COLOR_NAME = AccentColor;
				CODE_SIGN_STYLE = Automatic;
				DEVELOPMENT_ASSET_PATHS = "\"Level-Game/Preview Content\"";
				DEVELOPMENT_TEAM = L23WY88RCA;
				ENABLE_PREVIEWS = YES;
				INFOPLIST_FILE = "Level-Game/Info.plist";
				IPHONEOS_DEPLOYMENT_TARGET = 14.0;
				LD_RUNPATH_SEARCH_PATHS = (
					"$(inherited)",
					"@executable_path/Frameworks",
				);
				PRODUCT_BUNDLE_IDENTIFIER = "com.anis-agwan.Level-Game";
				PRODUCT_NAME = "$(TARGET_NAME)";
				SWIFT_VERSION = 5.0;
				TARGETED_DEVICE_FAMILY = "1,2";
			};
			name = Debug;
		};
		88402099271EA3590055B566 /* Release */ = {
			isa = XCBuildConfiguration;
			buildSettings = {
				ASSETCATALOG_COMPILER_APPICON_NAME = AppIcon;
				ASSETCATALOG_COMPILER_GLOBAL_ACCENT_COLOR_NAME = AccentColor;
				CODE_SIGN_STYLE = Automatic;
				DEVELOPMENT_ASSET_PATHS = "\"Level-Game/Preview Content\"";
				DEVELOPMENT_TEAM = L23WY88RCA;
				ENABLE_PREVIEWS = YES;
				INFOPLIST_FILE = "Level-Game/Info.plist";
				IPHONEOS_DEPLOYMENT_TARGET = 14.0;
				LD_RUNPATH_SEARCH_PATHS = (
					"$(inherited)",
					"@executable_path/Frameworks",
				);
				PRODUCT_BUNDLE_IDENTIFIER = "com.anis-agwan.Level-Game";
				PRODUCT_NAME = "$(TARGET_NAME)";
				SWIFT_VERSION = 5.0;
				TARGETED_DEVICE_FAMILY = "1,2";
			};
			name = Release;
		};
/* End XCBuildConfiguration section */

/* Begin XCConfigurationList section */
		88402083271EA3510055B566 /* Build configuration list for PBXProject "Level-Game" */ = {
			isa = XCConfigurationList;
			buildConfigurations = (
				88402095271EA3590055B566 /* Debug */,
				88402096271EA3590055B566 /* Release */,
			);
			defaultConfigurationIsVisible = 0;
			defaultConfigurationName = Release;
		};
		88402097271EA3590055B566 /* Build configuration list for PBXNativeTarget "Level-Game" */ = {
			isa = XCConfigurationList;
			buildConfigurations = (
				88402098271EA3590055B566 /* Debug */,
				88402099271EA3590055B566 /* Release */,
			);
			defaultConfigurationIsVisible = 0;
			defaultConfigurationName = Release;
		};
/* End XCConfigurationList section */
	};
	rootObject = 88402080271EA3510055B566 /* Project object */;
}
